
Microsoft Visual Studio Solution File, Format Version 11.00
# Visual Studio 2010
Project("{FAE04EC0-301F-11D3-BF4B-00C04F79EFBC}") = "PhotonUnityNetworking.Utilities", "PhotonUnityNetworking.Utilities.csproj", "{5E10186C-32A7-30F0-E6EA-49C2B655FA2F}"
EndProject
Project("{FAE04EC0-301F-11D3-BF4B-00C04F79EFBC}") = "Assembly-CSharp", "Assembly-CSharp.csproj", "{68C80CED-36CC-0598-4866-7B7AFD7C1CCA}"
EndProject
Project("{FAE04EC0-301F-11D3-BF4B-00C04F79EFBC}") = "PhotonUnityNetworking.Demos", "PhotonUnityNetworking.Demos.csproj", "{3A8F3D4D-D1B2-6BF1-B744-ADCF7811FBAA}"
EndProject
Project("{FAE04EC0-301F-11D3-BF4B-00C04F79EFBC}") = "PhotonUnityNetworking", "PhotonUnityNetworking.csproj", "{5498F0FE-B541-23E5-1118-345BEAF633AF}"
EndProject
Project("{FAE04EC0-301F-11D3-BF4B-00C04F79EFBC}") = "Unity.2D.Tilemap.Extras", "Unity.2D.Tilemap.Extras.csproj", "{09B72929-E690-A123-CADA-A685FCBD8E59}"
EndProject
Project("{FAE04EC0-301F-11D3-BF4B-00C04F79EFBC}") = "PhotonChat", "PhotonChat.csproj", "{B5869D26-A0EE-26B5-9E72-023EFCFC0764}"
EndProject
Project("{FAE04EC0-301F-11D3-BF4B-00C04F79EFBC}") = "PhotonRealtime", "PhotonRealtime.csproj", "{BEBA2E8B-F9AF-6C50-B37C-4C304504BA19}"
EndProject
Project("{FAE04EC0-301F-11D3-BF4B-00C04F79EFBC}") = "PhotonUnityNetworking.Editor", "PhotonUnityNetworking.Editor.csproj", "{070C43A0-C7DB-17C6-4CFF-6C8A9E801404}"
EndProject
Project("{FAE04EC0-301F-11D3-BF4B-00C04F79EFBC}") = "Assembly-CSharp-Editor", "Assembly-CSharp-Editor.csproj", "{8D59A9DE-88E8-6BDB-CD33-F6B7984C415D}"
EndProject
Project("{FAE04EC0-301F-11D3-BF4B-00C04F79EFBC}") = "Unity.2D.Tilemap.Extras.Editor", "Unity.2D.Tilemap.Extras.Editor.csproj", "{E95A3115-3F48-749E-B16F-5933CD162BDC}"
EndProject
Project("{FAE04EC0-301F-11D3-BF4B-00C04F79EFBC}") = "Assembly-CSharp-Editor-firstpass", "Assembly-CSharp-Editor-firstpass.csproj", "{FC9989CE-B1F0-99FF-E1A3-2B8D3A45FEAB}"
EndProject
Project("{FAE04EC0-301F-11D3-BF4B-00C04F79EFBC}") = "PhotonUnityNetworking.Utilities.PhotonPlayer.Editor", "PhotonUnityNetworking.Utilities.PhotonPlayer.Editor.csproj", "{6405DE69-3CCC-466E-AA74-9AAF989F6B7E}"
EndProject
Project("{FAE04EC0-301F-11D3-BF4B-00C04F79EFBC}") = "PunDemos.DemoSlotcarEditor", "PunDemos.DemoSlotcarEditor.csproj", "{0CBD2EF5-4749-96E2-842C-E1AC754B48E4}"
EndProject
Project("{FAE04EC0-301F-11D3-BF4B-00C04F79EFBC}") = "PhotonUnityNetworking.Utilities.Culling.Editor", "PhotonUnityNetworking.Utilities.Culling.Editor.csproj", "{F7C9AD8C-27DE-942F-3D8C-58B986805F97}"
EndProject
Project("{FAE04EC0-301F-11D3-BF4B-00C04F79EFBC}") = "PunDemos.DemoHubEditor", "PunDemos.DemoHubEditor.csproj", "{518BFDBF-CB36-1231-9DF1-2DB02CE9C04A}"
EndProject
Global
	GlobalSection(SolutionConfigurationPlatforms) = preSolution
		Debug|Any CPU = Debug|Any CPU
		Release|Any CPU = Release|Any CPU
	EndGlobalSection
	GlobalSection(ProjectConfigurationPlatforms) = postSolution
		{5E10186C-32A7-30F0-E6EA-49C2B655FA2F}.Debug|Any CPU.ActiveCfg = Debug|Any CPU
		{5E10186C-32A7-30F0-E6EA-49C2B655FA2F}.Debug|Any CPU.Build.0 = Debug|Any CPU
		{5E10186C-32A7-30F0-E6EA-49C2B655FA2F}.Release|Any CPU.ActiveCfg = Release|Any CPU
		{5E10186C-32A7-30F0-E6EA-49C2B655FA2F}.Release|Any CPU.Build.0 = Release|Any CPU
		{68C80CED-36CC-0598-4866-7B7AFD7C1CCA}.Debug|Any CPU.ActiveCfg = Debug|Any CPU
		{68C80CED-36CC-0598-4866-7B7AFD7C1CCA}.Debug|Any CPU.Build.0 = Debug|Any CPU
		{68C80CED-36CC-0598-4866-7B7AFD7C1CCA}.Release|Any CPU.ActiveCfg = Release|Any CPU
		{68C80CED-36CC-0598-4866-7B7AFD7C1CCA}.Release|Any CPU.Build.0 = Release|Any CPU
		{3A8F3D4D-D1B2-6BF1-B744-ADCF7811FBAA}.Debug|Any CPU.ActiveCfg = Debug|Any CPU
		{3A8F3D4D-D1B2-6BF1-B744-ADCF7811FBAA}.Debug|Any CPU.Build.0 = Debug|Any CPU
		{3A8F3D4D-D1B2-6BF1-B744-ADCF7811FBAA}.Release|Any CPU.ActiveCfg = Release|Any CPU
		{3A8F3D4D-D1B2-6BF1-B744-ADCF7811FBAA}.Release|Any CPU.Build.0 = Release|Any CPU
		{5498F0FE-B541-23E5-1118-345BEAF633AF}.Debug|Any CPU.ActiveCfg = Debug|Any CPU
		{5498F0FE-B541-23E5-1118-345BEAF633AF}.Debug|Any CPU.Build.0 = Debug|Any CPU
		{5498F0FE-B541-23E5-1118-345BEAF633AF}.Release|Any CPU.ActiveCfg = Release|Any CPU
		{5498F0FE-B541-23E5-1118-345BEAF633AF}.Release|Any CPU.Build.0 = Release|Any CPU
		{09B72929-E690-A123-CADA-A685FCBD8E59}.Debug|Any CPU.ActiveCfg = Debug|Any CPU
		{09B72929-E690-A123-CADA-A685FCBD8E59}.Debug|Any CPU.Build.0 = Debug|Any CPU
		{09B72929-E690-A123-CADA-A685FCBD8E59}.Release|Any CPU.ActiveCfg = Release|Any CPU
		{09B72929-E690-A123-CADA-A685FCBD8E59}.Release|Any CPU.Build.0 = Release|Any CPU
		{B5869D26-A0EE-26B5-9E72-023EFCFC0764}.Debug|Any CPU.ActiveCfg = Debug|Any CPU
		{B5869D26-A0EE-26B5-9E72-023EFCFC0764}.Debug|Any CPU.Build.0 = Debug|Any CPU
		{B5869D26-A0EE-26B5-9E72-023EFCFC0764}.Release|Any CPU.ActiveCfg = Release|Any CPU
		{B5869D26-A0EE-26B5-9E72-023EFCFC0764}.Release|Any CPU.Build.0 = Release|Any CPU
		{BEBA2E8B-F9AF-6C50-B37C-4C304504BA19}.Debug|Any CPU.ActiveCfg = Debug|Any CPU
		{BEBA2E8B-F9AF-6C50-B37C-4C304504BA19}.Debug|Any CPU.Build.0 = Debug|Any CPU
		{BEBA2E8B-F9AF-6C50-B37C-4C304504BA19}.Release|Any CPU.ActiveCfg = Release|Any CPU
		{BEBA2E8B-F9AF-6C50-B37C-4C304504BA19}.Release|Any CPU.Build.0 = Release|Any CPU
		{070C43A0-C7DB-17C6-4CFF-6C8A9E801404}.Debug|Any CPU.ActiveCfg = Debug|Any CPU
		{070C43A0-C7DB-17C6-4CFF-6C8A9E801404}.Debug|Any CPU.Build.0 = Debug|Any CPU
		{070C43A0-C7DB-17C6-4CFF-6C8A9E801404}.Release|Any CPU.ActiveCfg = Release|Any CPU
		{070C43A0-C7DB-17C6-4CFF-6C8A9E801404}.Release|Any CPU.Build.0 = Release|Any CPU
		{8D59A9DE-88E8-6BDB-CD33-F6B7984C415D}.Debug|Any CPU.ActiveCfg = Debug|Any CPU
		{8D59A9DE-88E8-6BDB-CD33-F6B7984C415D}.Debug|Any CPU.Build.0 = Debug|Any CPU
		{8D59A9DE-88E8-6BDB-CD33-F6B7984C415D}.Release|Any CPU.ActiveCfg = Release|Any CPU
		{8D59A9DE-88E8-6BDB-CD33-F6B7984C415D}.Release|Any CPU.Build.0 = Release|Any CPU
		{E95A3115-3F48-749E-B16F-5933CD162BDC}.Debug|Any CPU.ActiveCfg = Debug|Any CPU
		{E95A3115-3F48-749E-B16F-5933CD162BDC}.Debug|Any CPU.Build.0 = Debug|Any CPU
		{E95A3115-3F48-749E-B16F-5933CD162BDC}.Release|Any CPU.ActiveCfg = Release|Any CPU
		{E95A3115-3F48-749E-B16F-5933CD162BDC}.Release|Any CPU.Build.0 = Release|Any CPU
		{FC9989CE-B1F0-99FF-E1A3-2B8D3A45FEAB}.Debug|Any CPU.ActiveCfg = Debug|Any CPU
		{FC9989CE-B1F0-99FF-E1A3-2B8D3A45FEAB}.Debug|Any CPU.Build.0 = Debug|Any CPU
		{FC9989CE-B1F0-99FF-E1A3-2B8D3A45FEAB}.Release|Any CPU.ActiveCfg = Release|Any CPU
		{FC9989CE-B1F0-99FF-E1A3-2B8D3A45FEAB}.Release|Any CPU.Build.0 = Release|Any CPU
		{6405DE69-3CCC-466E-AA74-9AAF989F6B7E}.Debug|Any CPU.ActiveCfg = Debug|Any CPU
		{6405DE69-3CCC-466E-AA74-9AAF989F6B7E}.Debug|Any CPU.Build.0 = Debug|Any CPU
		{6405DE69-3CCC-466E-AA74-9AAF989F6B7E}.Release|Any CPU.ActiveCfg = Release|Any CPU
		{6405DE69-3CCC-466E-AA74-9AAF989F6B7E}.Release|Any CPU.Build.0 = Release|Any CPU
		{0CBD2EF5-4749-96E2-842C-E1AC754B48E4}.Debug|Any CPU.ActiveCfg = Debug|Any CPU
		{0CBD2EF5-4749-96E2-842C-E1AC754B48E4}.Debug|Any CPU.Build.0 = Debug|Any CPU
		{0CBD2EF5-4749-96E2-842C-E1AC754B48E4}.Release|Any CPU.ActiveCfg = Release|Any CPU
		{0CBD2EF5-4749-96E2-842C-E1AC754B48E4}.Release|Any CPU.Build.0 = Release|Any CPU
		{F7C9AD8C-27DE-942F-3D8C-58B986805F97}.Debug|Any CPU.ActiveCfg = Debug|Any CPU
		{F7C9AD8C-27DE-942F-3D8C-58B986805F97}.Debug|Any CPU.Build.0 = Debug|Any CPU
		{F7C9AD8C-27DE-942F-3D8C-58B986805F97}.Release|Any CPU.ActiveCfg = Release|Any CPU
		{F7C9AD8C-27DE-942F-3D8C-58B986805F97}.Release|Any CPU.Build.0 = Release|Any CPU
		{518BFDBF-CB36-1231-9DF1-2DB02CE9C04A}.Debug|Any CPU.ActiveCfg = Debug|Any CPU
		{518BFDBF-CB36-1231-9DF1-2DB02CE9C04A}.Debug|Any CPU.Build.0 = Debug|Any CPU
		{518BFDBF-CB36-1231-9DF1-2DB02CE9C04A}.Release|Any CPU.ActiveCfg = Release|Any CPU
		{518BFDBF-CB36-1231-9DF1-2DB02CE9C04A}.Release|Any CPU.Build.0 = Release|Any CPU
	EndGlobalSection
	GlobalSection(SolutionProperties) = preSolution
		HideSolutionNode = FALSE
	EndGlobalSection
EndGlobal
