
Microsoft Visual Studio Solution File, Format Version 11.00
# Visual Studio 2010
Project("{FAE04EC0-301F-11D3-BF4B-00C04F79EFBC}") = "Assembly-CSharp", "Assembly-CSharp.csproj", "{20a54ec9-46fc-fed9-3a61-50a967ec2230}"
EndProject
Project("{FAE04EC0-301F-11D3-BF4B-00C04F79EFBC}") = "Assembly-CSharp-Editor", "Assembly-CSharp-Editor.csproj", "{048e939a-caa9-e0be-e93e-9b22933a4c6d}"
EndProject
Global
	GlobalSection(SolutionConfigurationPlatforms) = preSolution
		Debug|Any CPU = Debug|Any CPU
		Release|Any CPU = Release|Any CPU
	EndGlobalSection
	GlobalSection(ProjectConfigurationPlatforms) = postSolution
		{20a54ec9-46fc-fed9-3a61-50a967ec2230}.Debug|Any CPU.ActiveCfg = Debug|Any CPU
		{20a54ec9-46fc-fed9-3a61-50a967ec2230}.Debug|Any CPU.Build.0 = Debug|Any CPU
		{20a54ec9-46fc-fed9-3a61-50a967ec2230}.Release|Any CPU.ActiveCfg = Release|Any CPU
		{20a54ec9-46fc-fed9-3a61-50a967ec2230}.Release|Any CPU.Build.0 = Release|Any CPU
		{048e939a-caa9-e0be-e93e-9b22933a4c6d}.Debug|Any CPU.ActiveCfg = Debug|Any CPU
		{048e939a-caa9-e0be-e93e-9b22933a4c6d}.Debug|Any CPU.Build.0 = Debug|Any CPU
		{048e939a-caa9-e0be-e93e-9b22933a4c6d}.Release|Any CPU.ActiveCfg = Release|Any CPU
		{048e939a-caa9-e0be-e93e-9b22933a4c6d}.Release|Any CPU.Build.0 = Release|Any CPU
	EndGlobalSection
	GlobalSection(SolutionProperties) = preSolution
		HideSolutionNode = FALSE
	EndGlobalSection
EndGlobal
